
Microsoft Visual Studio Solution File, Format Version 12.00
# Visual Studio Version 16
VisualStudioVersion = 16.0.32228.343
MinimumVisualStudioVersion = 10.0.40219.1
Project("{FAE04EC0-301F-11D3-BF4B-00C04F79EFBC}") = "IsSupport", "IsSupport.csproj", "{0B098861-6467-4A2D-ACF5-E8E60B62A65B}"
EndProject
Project("{F14B399A-7131-4C87-9E4B-1186C45EF12D}") = "ReportsIsSupport", "..\ReportsIsSupport\ReportsIsSupport.rptproj", "{C81F52DA-2628-4DBE-9C31-7D390E886E31}"
	ProjectSection(ProjectDependencies) = postProject
		{0B098861-6467-4A2D-ACF5-E8E60B62A65B} = {0B098861-6467-4A2D-ACF5-E8E60B62A65B}
	EndProjectSection
EndProject
Global
	GlobalSection(SolutionConfigurationPlatforms) = preSolution
		Debug|Any CPU = Debug|Any CPU
		DebugLocal|Any CPU = DebugLocal|Any CPU
		Release|Any CPU = Release|Any CPU
	EndGlobalSection
	GlobalSection(ProjectConfigurationPlatforms) = postSolution
		{0B098861-6467-4A2D-ACF5-E8E60B62A65B}.Debug|Any CPU.ActiveCfg = Debug|Any CPU
		{0B098861-6467-4A2D-ACF5-E8E60B62A65B}.Debug|Any CPU.Build.0 = Debug|Any CPU
		{0B098861-6467-4A2D-ACF5-E8E60B62A65B}.DebugLocal|Any CPU.ActiveCfg = Debug|Any CPU
		{0B098861-6467-4A2D-ACF5-E8E60B62A65B}.DebugLocal|Any CPU.Build.0 = Debug|Any CPU
		{0B098861-6467-4A2D-ACF5-E8E60B62A65B}.Release|Any CPU.ActiveCfg = Release|Any CPU
		{0B098861-6467-4A2D-ACF5-E8E60B62A65B}.Release|Any CPU.Build.0 = Release|Any CPU
		{C81F52DA-2628-4DBE-9C31-7D390E886E31}.Debug|Any CPU.ActiveCfg = Debug
		{C81F52DA-2628-4DBE-9C31-7D390E886E31}.Debug|Any CPU.Build.0 = Debug
		{C81F52DA-2628-4DBE-9C31-7D390E886E31}.Debug|Any CPU.Deploy.0 = Debug
		{C81F52DA-2628-4DBE-9C31-7D390E886E31}.DebugLocal|Any CPU.ActiveCfg = DebugLocal
		{C81F52DA-2628-4DBE-9C31-7D390E886E31}.DebugLocal|Any CPU.Build.0 = DebugLocal
		{C81F52DA-2628-4DBE-9C31-7D390E886E31}.Release|Any CPU.ActiveCfg = Release
		{C81F52DA-2628-4DBE-9C31-7D390E886E31}.Release|Any CPU.Build.0 = Release
		{C81F52DA-2628-4DBE-9C31-7D390E886E31}.Release|Any CPU.Deploy.0 = Release
	EndGlobalSection
	GlobalSection(SolutionProperties) = preSolution
		HideSolutionNode = FALSE
	EndGlobalSection
	GlobalSection(ExtensibilityGlobals) = postSolution
		SolutionGuid = {B742987B-0BB6-4A9D-8874-D4CE004BB0DC}
	EndGlobalSection
EndGlobal
